
Microsoft Visual Studio Solution File, Format Version 12.00
# Visual Studio Version 17
VisualStudioVersion = 17.11.35222.181
MinimumVisualStudioVersion = 10.0.40219.1
Project("{FAE04EC0-301F-11D3-BF4B-00C04F79EFBC}") = "YY6VGC_HSZF_2024251.Console", "YY6VGC_HSZF_2024251\YY6VGC_HSZF_2024251.Console.csproj", "{45D9BFD5-5B42-44E6-A90D-C702A603CDC0}"
EndProject
Project("{2150E333-8FDC-42A3-9474-1A3956D46DE8}") = "Application", "Application", "{CD59F388-EE01-47FE-AF6D-84E0083E5E33}"
EndProject
Project("{2150E333-8FDC-42A3-9474-1A3956D46DE8}") = "Domain", "Domain", "{CF0205E7-E413-4C38-8E54-9001041D102C}"
EndProject
Project("{2150E333-8FDC-42A3-9474-1A3956D46DE8}") = "Infrastructure", "Infrastructure", "{B6897DA7-7B10-4964-9308-F98EA770F653}"
EndProject
Project("{2150E333-8FDC-42A3-9474-1A3956D46DE8}") = "Presentation", "Presentation", "{7FC20801-AE17-4417-A1CD-B73DF88B2D75}"
EndProject
Project("{2150E333-8FDC-42A3-9474-1A3956D46DE8}") = "Tests", "Tests", "{C68BF632-67B8-4B80-9A7C-4100804A155D}"
EndProject
Project("{FAE04EC0-301F-11D3-BF4B-00C04F79EFBC}") = "YY6VGC_HSZF_2024251.Model", "YY6VGC_HSZF_2024251.Model\YY6VGC_HSZF_2024251.Model.csproj", "{0D0CE8B7-4EC0-4325-8ED9-7559FB4DE048}"
EndProject
Project("{FAE04EC0-301F-11D3-BF4B-00C04F79EFBC}") = "YY6VGC_HSZF_2024251.Persistence.MsSql", "YY6VGC_HSZF_2024251.Persistence.MsSql\YY6VGC_HSZF_2024251.Persistence.MsSql.csproj", "{A6712A3F-3346-46A9-946A-F36DAF9DDB43}"
EndProject
Project("{FAE04EC0-301F-11D3-BF4B-00C04F79EFBC}") = "YY6VGC_HSZF_2024251.Test", "YY6VGC_HSZF_2024251.Test\YY6VGC_HSZF_2024251.Test.csproj", "{EAE6C49A-F926-4342-AC7D-A3E6E3999067}"
EndProject
Project("{FAE04EC0-301F-11D3-BF4B-00C04F79EFBC}") = "YY6VGC_HSZF_2024251.Application", "YY6VGC_HSZF_2024251.Application\YY6VGC_HSZF_2024251.Application.csproj", "{EBAA9C2B-C5F7-4BE2-8BE1-84D88A9A1B6E}"
EndProject
Global
	GlobalSection(SolutionConfigurationPlatforms) = preSolution
		Debug|Any CPU = Debug|Any CPU
		Release|Any CPU = Release|Any CPU
	EndGlobalSection
	GlobalSection(ProjectConfigurationPlatforms) = postSolution
		{45D9BFD5-5B42-44E6-A90D-C702A603CDC0}.Debug|Any CPU.ActiveCfg = Debug|Any CPU
		{45D9BFD5-5B42-44E6-A90D-C702A603CDC0}.Debug|Any CPU.Build.0 = Debug|Any CPU
		{45D9BFD5-5B42-44E6-A90D-C702A603CDC0}.Release|Any CPU.ActiveCfg = Release|Any CPU
		{45D9BFD5-5B42-44E6-A90D-C702A603CDC0}.Release|Any CPU.Build.0 = Release|Any CPU
		{0D0CE8B7-4EC0-4325-8ED9-7559FB4DE048}.Debug|Any CPU.ActiveCfg = Debug|Any CPU
		{0D0CE8B7-4EC0-4325-8ED9-7559FB4DE048}.Debug|Any CPU.Build.0 = Debug|Any CPU
		{0D0CE8B7-4EC0-4325-8ED9-7559FB4DE048}.Release|Any CPU.ActiveCfg = Release|Any CPU
		{0D0CE8B7-4EC0-4325-8ED9-7559FB4DE048}.Release|Any CPU.Build.0 = Release|Any CPU
		{A6712A3F-3346-46A9-946A-F36DAF9DDB43}.Debug|Any CPU.ActiveCfg = Debug|Any CPU
		{A6712A3F-3346-46A9-946A-F36DAF9DDB43}.Debug|Any CPU.Build.0 = Debug|Any CPU
		{A6712A3F-3346-46A9-946A-F36DAF9DDB43}.Release|Any CPU.ActiveCfg = Release|Any CPU
		{A6712A3F-3346-46A9-946A-F36DAF9DDB43}.Release|Any CPU.Build.0 = Release|Any CPU
		{EAE6C49A-F926-4342-AC7D-A3E6E3999067}.Debug|Any CPU.ActiveCfg = Debug|Any CPU
		{EAE6C49A-F926-4342-AC7D-A3E6E3999067}.Debug|Any CPU.Build.0 = Debug|Any CPU
		{EAE6C49A-F926-4342-AC7D-A3E6E3999067}.Release|Any CPU.ActiveCfg = Release|Any CPU
		{EAE6C49A-F926-4342-AC7D-A3E6E3999067}.Release|Any CPU.Build.0 = Release|Any CPU
		{EBAA9C2B-C5F7-4BE2-8BE1-84D88A9A1B6E}.Debug|Any CPU.ActiveCfg = Debug|Any CPU
		{EBAA9C2B-C5F7-4BE2-8BE1-84D88A9A1B6E}.Debug|Any CPU.Build.0 = Debug|Any CPU
		{EBAA9C2B-C5F7-4BE2-8BE1-84D88A9A1B6E}.Release|Any CPU.ActiveCfg = Release|Any CPU
		{EBAA9C2B-C5F7-4BE2-8BE1-84D88A9A1B6E}.Release|Any CPU.Build.0 = Release|Any CPU
	EndGlobalSection
	GlobalSection(SolutionProperties) = preSolution
		HideSolutionNode = FALSE
	EndGlobalSection
	GlobalSection(NestedProjects) = preSolution
		{45D9BFD5-5B42-44E6-A90D-C702A603CDC0} = {7FC20801-AE17-4417-A1CD-B73DF88B2D75}
		{0D0CE8B7-4EC0-4325-8ED9-7559FB4DE048} = {CF0205E7-E413-4C38-8E54-9001041D102C}
		{A6712A3F-3346-46A9-946A-F36DAF9DDB43} = {B6897DA7-7B10-4964-9308-F98EA770F653}
		{EAE6C49A-F926-4342-AC7D-A3E6E3999067} = {C68BF632-67B8-4B80-9A7C-4100804A155D}
		{EBAA9C2B-C5F7-4BE2-8BE1-84D88A9A1B6E} = {CD59F388-EE01-47FE-AF6D-84E0083E5E33}
	EndGlobalSection
	GlobalSection(ExtensibilityGlobals) = postSolution
		SolutionGuid = {5C4454E8-9CB0-4359-A9DB-F3BF20A1D480}
	EndGlobalSection
EndGlobal
